
Microsoft Visual Studio Solution File, Format Version 12.00
# Visual Studio Version 17
VisualStudioVersion = 17.14.36414.22 d17.14
MinimumVisualStudioVersion = 10.0.40219.1
Project("{FAE04EC0-301F-11D3-BF4B-00C04F79EFBC}") = "check_power", "check_power\check_power.csproj", "{641BBD5F-6EC1-4530-89DE-824EAF387B4E}"
EndProject
Global
	GlobalSection(SolutionConfigurationPlatforms) = preSolution
		Debug|Any CPU = Debug|Any CPU
		Release|Any CPU = Release|Any CPU
	EndGlobalSection
	GlobalSection(ProjectConfigurationPlatforms) = postSolution
		{641BBD5F-6EC1-4530-89DE-824EAF387B4E}.Debug|Any CPU.ActiveCfg = Debug|Any CPU
		{641BBD5F-6EC1-4530-89DE-824EAF387B4E}.Debug|Any CPU.Build.0 = Debug|Any CPU
		{641BBD5F-6EC1-4530-89DE-824EAF387B4E}.Release|Any CPU.ActiveCfg = Release|Any CPU
		{641BBD5F-6EC1-4530-89DE-824EAF387B4E}.Release|Any CPU.Build.0 = Release|Any CPU
	EndGlobalSection
	GlobalSection(SolutionProperties) = preSolution
		HideSolutionNode = FALSE
	EndGlobalSection
	GlobalSection(ExtensibilityGlobals) = postSolution
		SolutionGuid = {0DEFB324-B2BD-4E88-B61E-DE3590BFDA09}
	EndGlobalSection
EndGlobal
