
Microsoft Visual Studio Solution File, Format Version 12.00
# Visual Studio Version 17
VisualStudioVersion = 17.14.36414.22 d17.14
MinimumVisualStudioVersion = 10.0.40219.1
Project("{FAE04EC0-301F-11D3-BF4B-00C04F79EFBC}") = "cuboid_C#", "cuboid_C#\cuboid_C#.csproj", "{C85FA114-B9B6-4B17-A20D-F00A1AFB9A44}"
EndProject
Global
	GlobalSection(SolutionConfigurationPlatforms) = preSolution
		Debug|Any CPU = Debug|Any CPU
		Release|Any CPU = Release|Any CPU
	EndGlobalSection
	GlobalSection(ProjectConfigurationPlatforms) = postSolution
		{C85FA114-B9B6-4B17-A20D-F00A1AFB9A44}.Debug|Any CPU.ActiveCfg = Debug|Any CPU
		{C85FA114-B9B6-4B17-A20D-F00A1AFB9A44}.Debug|Any CPU.Build.0 = Debug|Any CPU
		{C85FA114-B9B6-4B17-A20D-F00A1AFB9A44}.Release|Any CPU.ActiveCfg = Release|Any CPU
		{C85FA114-B9B6-4B17-A20D-F00A1AFB9A44}.Release|Any CPU.Build.0 = Release|Any CPU
	EndGlobalSection
	GlobalSection(SolutionProperties) = preSolution
		HideSolutionNode = FALSE
	EndGlobalSection
	GlobalSection(ExtensibilityGlobals) = postSolution
		SolutionGuid = {78B2EC26-A897-44F6-BDA7-043B3CED9B6C}
	EndGlobalSection
EndGlobal
