
Microsoft Visual Studio Solution File, Format Version 12.00
# Visual Studio Version 17
VisualStudioVersion = 17.14.36414.22 d17.14
MinimumVisualStudioVersion = 10.0.40219.1
Project("{FAE04EC0-301F-11D3-BF4B-00C04F79EFBC}") = "Octal_to_Decimal_Number_Conversion", "Octal_to_Decimal_Number_Conversion\Octal_to_Decimal_Number_Conversion.csproj", "{06879993-36F1-4ED3-BB93-5919565DB8B1}"
EndProject
Global
	GlobalSection(SolutionConfigurationPlatforms) = preSolution
		Debug|Any CPU = Debug|Any CPU
		Release|Any CPU = Release|Any CPU
	EndGlobalSection
	GlobalSection(ProjectConfigurationPlatforms) = postSolution
		{06879993-36F1-4ED3-BB93-5919565DB8B1}.Debug|Any CPU.ActiveCfg = Debug|Any CPU
		{06879993-36F1-4ED3-BB93-5919565DB8B1}.Debug|Any CPU.Build.0 = Debug|Any CPU
		{06879993-36F1-4ED3-BB93-5919565DB8B1}.Release|Any CPU.ActiveCfg = Release|Any CPU
		{06879993-36F1-4ED3-BB93-5919565DB8B1}.Release|Any CPU.Build.0 = Release|Any CPU
	EndGlobalSection
	GlobalSection(SolutionProperties) = preSolution
		HideSolutionNode = FALSE
	EndGlobalSection
	GlobalSection(ExtensibilityGlobals) = postSolution
		SolutionGuid = {157DE48C-FD86-44BF-B2CD-F72A54EA8789}
	EndGlobalSection
EndGlobal
