
Microsoft Visual Studio Solution File, Format Version 12.00
# Visual Studio Version 17
VisualStudioVersion = 17.14.36414.22 d17.14
MinimumVisualStudioVersion = 10.0.40219.1
Project("{FAE04EC0-301F-11D3-BF4B-00C04F79EFBC}") = "loginAuthetication", "loginAuthetication\loginAuthetication.csproj", "{EFB0EDC8-CB1B-421D-B7BA-30C8852CB0F2}"
EndProject
Global
	GlobalSection(SolutionConfigurationPlatforms) = preSolution
		Debug|Any CPU = Debug|Any CPU
		Release|Any CPU = Release|Any CPU
	EndGlobalSection
	GlobalSection(ProjectConfigurationPlatforms) = postSolution
		{EFB0EDC8-CB1B-421D-B7BA-30C8852CB0F2}.Debug|Any CPU.ActiveCfg = Debug|Any CPU
		{EFB0EDC8-CB1B-421D-B7BA-30C8852CB0F2}.Debug|Any CPU.Build.0 = Debug|Any CPU
		{EFB0EDC8-CB1B-421D-B7BA-30C8852CB0F2}.Release|Any CPU.ActiveCfg = Release|Any CPU
		{EFB0EDC8-CB1B-421D-B7BA-30C8852CB0F2}.Release|Any CPU.Build.0 = Release|Any CPU
	EndGlobalSection
	GlobalSection(SolutionProperties) = preSolution
		HideSolutionNode = FALSE
	EndGlobalSection
	GlobalSection(ExtensibilityGlobals) = postSolution
		SolutionGuid = {1FA84611-84E0-42B3-8037-5685DA138DAA}
	EndGlobalSection
EndGlobal
