
Microsoft Visual Studio Solution File, Format Version 12.00
# Visual Studio Version 17
VisualStudioVersion = 17.14.36414.22 d17.14
MinimumVisualStudioVersion = 10.0.40219.1
Project("{FAE04EC0-301F-11D3-BF4B-00C04F79EFBC}") = "Triangle_C#", "Triangle_C#\Triangle_C#.csproj", "{13D8C968-26EB-4240-BD87-76AA04299A93}"
EndProject
Global
	GlobalSection(SolutionConfigurationPlatforms) = preSolution
		Debug|Any CPU = Debug|Any CPU
		Release|Any CPU = Release|Any CPU
	EndGlobalSection
	GlobalSection(ProjectConfigurationPlatforms) = postSolution
		{13D8C968-26EB-4240-BD87-76AA04299A93}.Debug|Any CPU.ActiveCfg = Debug|Any CPU
		{13D8C968-26EB-4240-BD87-76AA04299A93}.Debug|Any CPU.Build.0 = Debug|Any CPU
		{13D8C968-26EB-4240-BD87-76AA04299A93}.Release|Any CPU.ActiveCfg = Release|Any CPU
		{13D8C968-26EB-4240-BD87-76AA04299A93}.Release|Any CPU.Build.0 = Release|Any CPU
	EndGlobalSection
	GlobalSection(SolutionProperties) = preSolution
		HideSolutionNode = FALSE
	EndGlobalSection
	GlobalSection(ExtensibilityGlobals) = postSolution
		SolutionGuid = {E57EE757-B0D7-44D6-BC06-77FEF9B2D773}
	EndGlobalSection
EndGlobal
