
Microsoft Visual Studio Solution File, Format Version 12.00
# Visual Studio Version 17
VisualStudioVersion = 17.14.36414.22 d17.14
MinimumVisualStudioVersion = 10.0.40219.1
Project("{FAE04EC0-301F-11D3-BF4B-00C04F79EFBC}") = "Square_C#", "Square_C#\Square_C#.csproj", "{9C767845-26DE-4433-B66C-EBE8D0317189}"
EndProject
Global
	GlobalSection(SolutionConfigurationPlatforms) = preSolution
		Debug|Any CPU = Debug|Any CPU
		Release|Any CPU = Release|Any CPU
	EndGlobalSection
	GlobalSection(ProjectConfigurationPlatforms) = postSolution
		{9C767845-26DE-4433-B66C-EBE8D0317189}.Debug|Any CPU.ActiveCfg = Debug|Any CPU
		{9C767845-26DE-4433-B66C-EBE8D0317189}.Debug|Any CPU.Build.0 = Debug|Any CPU
		{9C767845-26DE-4433-B66C-EBE8D0317189}.Release|Any CPU.ActiveCfg = Release|Any CPU
		{9C767845-26DE-4433-B66C-EBE8D0317189}.Release|Any CPU.Build.0 = Release|Any CPU
	EndGlobalSection
	GlobalSection(SolutionProperties) = preSolution
		HideSolutionNode = FALSE
	EndGlobalSection
	GlobalSection(ExtensibilityGlobals) = postSolution
		SolutionGuid = {54D7F1C7-F6EA-443A-9F70-C1EB18196A36}
	EndGlobalSection
EndGlobal
